
Microsoft Visual Studio Solution File, Format Version 12.00
# Visual Studio Version 17
VisualStudioVersion = 17.10.34928.147
MinimumVisualStudioVersion = 10.0.40219.1
Project("{FAE04EC0-301F-11D3-BF4B-00C04F79EFBC}") = "DELTA", "DELTA\DELTA.csproj", "{650AF54F-25A3-4CF7-AD6E-99B1478429C8}"
EndProject
Global
	GlobalSection(SolutionConfigurationPlatforms) = preSolution
		Debug|Any CPU = Debug|Any CPU
		Release|Any CPU = Release|Any CPU
	EndGlobalSection
	GlobalSection(ProjectConfigurationPlatforms) = postSolution
		{650AF54F-25A3-4CF7-AD6E-99B1478429C8}.Debug|Any CPU.ActiveCfg = Debug|Any CPU
		{650AF54F-25A3-4CF7-AD6E-99B1478429C8}.Debug|Any CPU.Build.0 = Debug|Any CPU
		{650AF54F-25A3-4CF7-AD6E-99B1478429C8}.Release|Any CPU.ActiveCfg = Release|Any CPU
		{650AF54F-25A3-4CF7-AD6E-99B1478429C8}.Release|Any CPU.Build.0 = Release|Any CPU
	EndGlobalSection
	GlobalSection(SolutionProperties) = preSolution
		HideSolutionNode = FALSE
	EndGlobalSection
	GlobalSection(ExtensibilityGlobals) = postSolution
		SolutionGuid = {09EE77A0-18E8-462B-85C6-D664CFA86755}
	EndGlobalSection
EndGlobal
